
Microsoft Visual Studio Solution File, Format Version 12.00
# Visual Studio Version 17
VisualStudioVersion = 17.9.34701.34
MinimumVisualStudioVersion = 10.0.40219.1
Project("{FAE04EC0-301F-11D3-BF4B-00C04F79EFBC}") = "Snake", "Snake.csproj", "{46D7BAF5-0C09-430D-8572-F114C8D96A1F}"
EndProject
Global
	GlobalSection(SolutionConfigurationPlatforms) = preSolution
		Debug|Any CPU = Debug|Any CPU
		Release|Any CPU = Release|Any CPU
	EndGlobalSection
	GlobalSection(ProjectConfigurationPlatforms) = postSolution
		{46D7BAF5-0C09-430D-8572-F114C8D96A1F}.Debug|Any CPU.ActiveCfg = Debug|Any CPU
		{46D7BAF5-0C09-430D-8572-F114C8D96A1F}.Debug|Any CPU.Build.0 = Debug|Any CPU
		{46D7BAF5-0C09-430D-8572-F114C8D96A1F}.Release|Any CPU.ActiveCfg = Release|Any CPU
		{46D7BAF5-0C09-430D-8572-F114C8D96A1F}.Release|Any CPU.Build.0 = Release|Any CPU
	EndGlobalSection
	GlobalSection(SolutionProperties) = preSolution
		HideSolutionNode = FALSE
	EndGlobalSection
	GlobalSection(ExtensibilityGlobals) = postSolution
		SolutionGuid = {0E27CC43-D2A2-45C6-A90A-C49255791DBE}
	EndGlobalSection
EndGlobal
